
Microsoft Visual Studio Solution File, Format Version 12.00
# Visual Studio Version 17
VisualStudioVersion = 17.11.35222.181
MinimumVisualStudioVersion = 10.0.40219.1
Project("{FAE04EC0-301F-11D3-BF4B-00C04F79EFBC}") = "TanTienStore", "TanTienStore\TanTienStore.csproj", "{075CCF39-05B2-48B1-90CF-BB74C3411AFF}"
EndProject
Global
	GlobalSection(SolutionConfigurationPlatforms) = preSolution
		Debug|Any CPU = Debug|Any CPU
		Release|Any CPU = Release|Any CPU
	EndGlobalSection
	GlobalSection(ProjectConfigurationPlatforms) = postSolution
		{075CCF39-05B2-48B1-90CF-BB74C3411AFF}.Debug|Any CPU.ActiveCfg = Debug|Any CPU
		{075CCF39-05B2-48B1-90CF-BB74C3411AFF}.Debug|Any CPU.Build.0 = Debug|Any CPU
		{075CCF39-05B2-48B1-90CF-BB74C3411AFF}.Release|Any CPU.ActiveCfg = Release|Any CPU
		{075CCF39-05B2-48B1-90CF-BB74C3411AFF}.Release|Any CPU.Build.0 = Release|Any CPU
	EndGlobalSection
	GlobalSection(SolutionProperties) = preSolution
		HideSolutionNode = FALSE
	EndGlobalSection
	GlobalSection(ExtensibilityGlobals) = postSolution
		SolutionGuid = {AA4A4813-5C43-4EC0-8146-8DFBAA3FC40D}
	EndGlobalSection
EndGlobal
